
Microsoft Visual Studio Solution File, Format Version 12.00
# Visual Studio 15
VisualStudioVersion = 15.0.28010.2016
MinimumVisualStudioVersion = 10.0.40219.1
Project("{FAE04EC0-301F-11D3-BF4B-00C04F79EFBC}") = "HttpHandlerPractice", "HttpHandlerPractice\HttpHandlerPractice.csproj", "{C2198363-0C38-44D2-99D0-7B6FD3977A6D}"
EndProject
Global
	GlobalSection(SolutionConfigurationPlatforms) = preSolution
		Debug|Any CPU = Debug|Any CPU
		Release|Any CPU = Release|Any CPU
	EndGlobalSection
	GlobalSection(ProjectConfigurationPlatforms) = postSolution
		{C2198363-0C38-44D2-99D0-7B6FD3977A6D}.Debug|Any CPU.ActiveCfg = Debug|Any CPU
		{C2198363-0C38-44D2-99D0-7B6FD3977A6D}.Debug|Any CPU.Build.0 = Debug|Any CPU
		{C2198363-0C38-44D2-99D0-7B6FD3977A6D}.Release|Any CPU.ActiveCfg = Release|Any CPU
		{C2198363-0C38-44D2-99D0-7B6FD3977A6D}.Release|Any CPU.Build.0 = Release|Any CPU
	EndGlobalSection
	GlobalSection(SolutionProperties) = preSolution
		HideSolutionNode = FALSE
	EndGlobalSection
	GlobalSection(ExtensibilityGlobals) = postSolution
		SolutionGuid = {278D5462-2AE6-4E00-AD5C-236461898FA3}
	EndGlobalSection
EndGlobal
